
Microsoft Visual Studio Solution File, Format Version 12.00
# Visual Studio Version 17
VisualStudioVersion = 17.10.34916.146
MinimumVisualStudioVersion = 10.0.40219.1
Project("{FAE04EC0-301F-11D3-BF4B-00C04F79EFBC}") = "NoNaturalPsyfocusDecrease", "NoNaturalPsyfocusDecrease.csproj", "{C83EA94A-C61E-4523-9291-068C1D60D9F1}"
EndProject
Global
	GlobalSection(SolutionConfigurationPlatforms) = preSolution
		Debug|Any CPU = Debug|Any CPU
		Release|Any CPU = Release|Any CPU
	EndGlobalSection
	GlobalSection(ProjectConfigurationPlatforms) = postSolution
		{C83EA94A-C61E-4523-9291-068C1D60D9F1}.Debug|Any CPU.ActiveCfg = Debug|Any CPU
		{C83EA94A-C61E-4523-9291-068C1D60D9F1}.Debug|Any CPU.Build.0 = Debug|Any CPU
		{C83EA94A-C61E-4523-9291-068C1D60D9F1}.Release|Any CPU.ActiveCfg = Release|Any CPU
		{C83EA94A-C61E-4523-9291-068C1D60D9F1}.Release|Any CPU.Build.0 = Release|Any CPU
	EndGlobalSection
	GlobalSection(SolutionProperties) = preSolution
		HideSolutionNode = FALSE
	EndGlobalSection
	GlobalSection(ExtensibilityGlobals) = postSolution
		SolutionGuid = {3A2688A6-A132-4EEE-AD42-A970164F6EDD}
	EndGlobalSection
EndGlobal
